
Microsoft Visual Studio Solution File, Format Version 12.00
# Visual Studio 2012
Project("{8BC9CEB8-8B4A-11D0-8D11-00A0C91BC942}") = "ClientMFC", "ClientMFC\ClientMFC.vcxproj", "{1011EB88-BD11-4CA6-BE07-8AB1791C3662}"
EndProject
Global
	GlobalSection(SolutionConfigurationPlatforms) = preSolution
		Debug|Any CPU = Debug|Any CPU
		Debug|ARM = Debug|ARM
		Debug|Mixed Platforms = Debug|Mixed Platforms
		Debug|Win32 = Debug|Win32
		Debug|x64 = Debug|x64
		Debug|x86 = Debug|x86
		Release|Any CPU = Release|Any CPU
		Release|ARM = Release|ARM
		Release|Mixed Platforms = Release|Mixed Platforms
		Release|Win32 = Release|Win32
		Release|x64 = Release|x64
		Release|x86 = Release|x86
		UnicodeDebug|Any CPU = UnicodeDebug|Any CPU
		UnicodeDebug|ARM = UnicodeDebug|ARM
		UnicodeDebug|Mixed Platforms = UnicodeDebug|Mixed Platforms
		UnicodeDebug|Win32 = UnicodeDebug|Win32
		UnicodeDebug|x64 = UnicodeDebug|x64
		UnicodeDebug|x86 = UnicodeDebug|x86
		UnicodeRelease|Any CPU = UnicodeRelease|Any CPU
		UnicodeRelease|ARM = UnicodeRelease|ARM
		UnicodeRelease|Mixed Platforms = UnicodeRelease|Mixed Platforms
		UnicodeRelease|Win32 = UnicodeRelease|Win32
		UnicodeRelease|x64 = UnicodeRelease|x64
		UnicodeRelease|x86 = UnicodeRelease|x86
	EndGlobalSection
	GlobalSection(ProjectConfigurationPlatforms) = postSolution
		{1011EB88-BD11-4CA6-BE07-8AB1791C3662}.Debug|Any CPU.ActiveCfg = Debug|Win32
		{1011EB88-BD11-4CA6-BE07-8AB1791C3662}.Debug|ARM.ActiveCfg = Debug|Win32
		{1011EB88-BD11-4CA6-BE07-8AB1791C3662}.Debug|Mixed Platforms.ActiveCfg = Debug|Win32
		{1011EB88-BD11-4CA6-BE07-8AB1791C3662}.Debug|Mixed Platforms.Build.0 = Debug|Win32
		{1011EB88-BD11-4CA6-BE07-8AB1791C3662}.Debug|Win32.ActiveCfg = Debug|Win32
		{1011EB88-BD11-4CA6-BE07-8AB1791C3662}.Debug|Win32.Build.0 = Debug|Win32
		{1011EB88-BD11-4CA6-BE07-8AB1791C3662}.Debug|x64.ActiveCfg = Debug|Win32
		{1011EB88-BD11-4CA6-BE07-8AB1791C3662}.Debug|x86.ActiveCfg = Debug|Win32
		{1011EB88-BD11-4CA6-BE07-8AB1791C3662}.Debug|x86.Build.0 = Debug|Win32
		{1011EB88-BD11-4CA6-BE07-8AB1791C3662}.Release|Any CPU.ActiveCfg = Release|Win32
		{1011EB88-BD11-4CA6-BE07-8AB1791C3662}.Release|ARM.ActiveCfg = Release|Win32
		{1011EB88-BD11-4CA6-BE07-8AB1791C3662}.Release|Mixed Platforms.ActiveCfg = Release|Win32
		{1011EB88-BD11-4CA6-BE07-8AB1791C3662}.Release|Mixed Platforms.Build.0 = Release|Win32
		{1011EB88-BD11-4CA6-BE07-8AB1791C3662}.Release|Win32.ActiveCfg = Release|Win32
		{1011EB88-BD11-4CA6-BE07-8AB1791C3662}.Release|Win32.Build.0 = Release|Win32
		{1011EB88-BD11-4CA6-BE07-8AB1791C3662}.Release|x64.ActiveCfg = Release|Win32
		{1011EB88-BD11-4CA6-BE07-8AB1791C3662}.Release|x86.ActiveCfg = Release|Win32
		{1011EB88-BD11-4CA6-BE07-8AB1791C3662}.Release|x86.Build.0 = Release|Win32
		{1011EB88-BD11-4CA6-BE07-8AB1791C3662}.UnicodeDebug|Any CPU.ActiveCfg = Debug|Win32
		{1011EB88-BD11-4CA6-BE07-8AB1791C3662}.UnicodeDebug|ARM.ActiveCfg = Debug|Win32
		{1011EB88-BD11-4CA6-BE07-8AB1791C3662}.UnicodeDebug|Mixed Platforms.ActiveCfg = Debug|Win32
		{1011EB88-BD11-4CA6-BE07-8AB1791C3662}.UnicodeDebug|Mixed Platforms.Build.0 = Debug|Win32
		{1011EB88-BD11-4CA6-BE07-8AB1791C3662}.UnicodeDebug|Win32.ActiveCfg = Debug|Win32
		{1011EB88-BD11-4CA6-BE07-8AB1791C3662}.UnicodeDebug|Win32.Build.0 = Debug|Win32
		{1011EB88-BD11-4CA6-BE07-8AB1791C3662}.UnicodeDebug|x64.ActiveCfg = Debug|Win32
		{1011EB88-BD11-4CA6-BE07-8AB1791C3662}.UnicodeDebug|x86.ActiveCfg = Debug|Win32
		{1011EB88-BD11-4CA6-BE07-8AB1791C3662}.UnicodeDebug|x86.Build.0 = Debug|Win32
		{1011EB88-BD11-4CA6-BE07-8AB1791C3662}.UnicodeRelease|Any CPU.ActiveCfg = Release|Win32
		{1011EB88-BD11-4CA6-BE07-8AB1791C3662}.UnicodeRelease|ARM.ActiveCfg = Release|Win32
		{1011EB88-BD11-4CA6-BE07-8AB1791C3662}.UnicodeRelease|Mixed Platforms.ActiveCfg = Release|Win32
		{1011EB88-BD11-4CA6-BE07-8AB1791C3662}.UnicodeRelease|Mixed Platforms.Build.0 = Release|Win32
		{1011EB88-BD11-4CA6-BE07-8AB1791C3662}.UnicodeRelease|Win32.ActiveCfg = Release|Win32
		{1011EB88-BD11-4CA6-BE07-8AB1791C3662}.UnicodeRelease|Win32.Build.0 = Release|Win32
		{1011EB88-BD11-4CA6-BE07-8AB1791C3662}.UnicodeRelease|x64.ActiveCfg = Release|Win32
		{1011EB88-BD11-4CA6-BE07-8AB1791C3662}.UnicodeRelease|x86.ActiveCfg = Release|Win32
		{1011EB88-BD11-4CA6-BE07-8AB1791C3662}.UnicodeRelease|x86.Build.0 = Release|Win32
	EndGlobalSection
	GlobalSection(SolutionProperties) = preSolution
		HideSolutionNode = FALSE
	EndGlobalSection
EndGlobal
